
Microsoft Visual Studio Solution File, Format Version 12.00
# Visual Studio Version 17
VisualStudioVersion = 17.11.35312.102
MinimumVisualStudioVersion = 10.0.40219.1
Project("{FAE04EC0-301F-11D3-BF4B-00C04F79EFBC}") = "tp02_isi_wcf", "tp02_isi_wcf\tp02_isi_wcf.csproj", "{3D5C84BD-3EBB-4CAA-850B-69D1762446A6}"
EndProject
Global
	GlobalSection(SolutionConfigurationPlatforms) = preSolution
		Debug|Any CPU = Debug|Any CPU
		Release|Any CPU = Release|Any CPU
	EndGlobalSection
	GlobalSection(ProjectConfigurationPlatforms) = postSolution
		{3D5C84BD-3EBB-4CAA-850B-69D1762446A6}.Debug|Any CPU.ActiveCfg = Debug|Any CPU
		{3D5C84BD-3EBB-4CAA-850B-69D1762446A6}.Debug|Any CPU.Build.0 = Debug|Any CPU
		{3D5C84BD-3EBB-4CAA-850B-69D1762446A6}.Release|Any CPU.ActiveCfg = Release|Any CPU
		{3D5C84BD-3EBB-4CAA-850B-69D1762446A6}.Release|Any CPU.Build.0 = Release|Any CPU
	EndGlobalSection
	GlobalSection(SolutionProperties) = preSolution
		HideSolutionNode = FALSE
	EndGlobalSection
	GlobalSection(ExtensibilityGlobals) = postSolution
		SolutionGuid = {2C5327A5-D74D-4749-AA42-9629C6655E46}
	EndGlobalSection
EndGlobal
